
Microsoft Visual Studio Solution File, Format Version 12.00
# Visual Studio Version 17
VisualStudioVersion = 17.11.35222.181
MinimumVisualStudioVersion = 10.0.40219.1
Project("{FAE04EC0-301F-11D3-BF4B-00C04F79EFBC}") = "BlogApp", "BlogApp\BlogApp.csproj", "{7FBC7212-42D7-4EC5-81A2-417C6FF0F66A}"
EndProject
Global
	GlobalSection(SolutionConfigurationPlatforms) = preSolution
		Debug|Any CPU = Debug|Any CPU
		Release|Any CPU = Release|Any CPU
	EndGlobalSection
	GlobalSection(ProjectConfigurationPlatforms) = postSolution
		{7FBC7212-42D7-4EC5-81A2-417C6FF0F66A}.Debug|Any CPU.ActiveCfg = Debug|Any CPU
		{7FBC7212-42D7-4EC5-81A2-417C6FF0F66A}.Debug|Any CPU.Build.0 = Debug|Any CPU
		{7FBC7212-42D7-4EC5-81A2-417C6FF0F66A}.Release|Any CPU.ActiveCfg = Release|Any CPU
		{7FBC7212-42D7-4EC5-81A2-417C6FF0F66A}.Release|Any CPU.Build.0 = Release|Any CPU
	EndGlobalSection
	GlobalSection(SolutionProperties) = preSolution
		HideSolutionNode = FALSE
	EndGlobalSection
	GlobalSection(ExtensibilityGlobals) = postSolution
		SolutionGuid = {3E94B93F-FE4A-46F2-BF51-B30D63769CCB}
	EndGlobalSection
EndGlobal
